
Microsoft Visual Studio Solution File, Format Version 12.00
# Visual Studio 2013
VisualStudioVersion = 12.0.40629.0
MinimumVisualStudioVersion = 10.0.40219.1
Project("{8BC9CEB8-8B4A-11D0-8D11-00A0C91BC942}") = "Victim", "m_SocketServer\m_SocketServer.vcxproj", "{E30CA8DD-DDB3-4DE3-8A1A-4BE4DD9B89D4}"
EndProject
Project("{8BC9CEB8-8B4A-11D0-8D11-00A0C91BC942}") = "InjectDll", "InjectDll\InjectDll.vcxproj", "{F125F396-F7E0-4513-B993-7C57FEC6137A}"
EndProject
Project("{8BC9CEB8-8B4A-11D0-8D11-00A0C91BC942}") = "ProcessHiding", "ProcessHiding\ProcessHiding.vcxproj", "{1F6C6F32-AC6B-49AA-AB7E-A9EE88E6CA31}"
EndProject
Global
	GlobalSection(SolutionConfigurationPlatforms) = preSolution
		Debug|Win32 = Debug|Win32
		Release|Win32 = Release|Win32
	EndGlobalSection
	GlobalSection(ProjectConfigurationPlatforms) = postSolution
		{E30CA8DD-DDB3-4DE3-8A1A-4BE4DD9B89D4}.Debug|Win32.ActiveCfg = Debug|Win32
		{E30CA8DD-DDB3-4DE3-8A1A-4BE4DD9B89D4}.Debug|Win32.Build.0 = Debug|Win32
		{E30CA8DD-DDB3-4DE3-8A1A-4BE4DD9B89D4}.Release|Win32.ActiveCfg = Release|Win32
		{E30CA8DD-DDB3-4DE3-8A1A-4BE4DD9B89D4}.Release|Win32.Build.0 = Release|Win32
		{F125F396-F7E0-4513-B993-7C57FEC6137A}.Debug|Win32.ActiveCfg = Debug|Win32
		{F125F396-F7E0-4513-B993-7C57FEC6137A}.Debug|Win32.Build.0 = Debug|Win32
		{F125F396-F7E0-4513-B993-7C57FEC6137A}.Release|Win32.ActiveCfg = Release|Win32
		{F125F396-F7E0-4513-B993-7C57FEC6137A}.Release|Win32.Build.0 = Release|Win32
		{1F6C6F32-AC6B-49AA-AB7E-A9EE88E6CA31}.Debug|Win32.ActiveCfg = Debug|Win32
		{1F6C6F32-AC6B-49AA-AB7E-A9EE88E6CA31}.Debug|Win32.Build.0 = Debug|Win32
		{1F6C6F32-AC6B-49AA-AB7E-A9EE88E6CA31}.Release|Win32.ActiveCfg = Release|Win32
		{1F6C6F32-AC6B-49AA-AB7E-A9EE88E6CA31}.Release|Win32.Build.0 = Release|Win32
	EndGlobalSection
	GlobalSection(SolutionProperties) = preSolution
		HideSolutionNode = FALSE
	EndGlobalSection
EndGlobal
